// !$*UTF8*$!
{
	archiveVersion = 1;
	classes = {
	};
	objectVersion = 54;
	objects = {

/* Begin PBXBuildFile section */
		1498D2341E8E89220040F4C2 /* GeneratedPluginRegistrant.m in Sources */ = {isa = PBXBuildFile; fileRef = 1498D2331E8E89220040F4C2 /* GeneratedPluginRegistrant.m */; };
		2435461305CE6206E30C47F8 /* Pods_Runner.framework in Frameworks */ = {isa = PBXBuildFile; fileRef = 64CCBDD53E6244664369667E /* Pods_Runner.framework */; };
		331C808B294A63AB00263BE5 /* RunnerTests.swift in Sources */ = {isa = PBXBuildFile; fileRef = 331C807B294A618700263BE5 /* RunnerTests.swift */; };
		3B3967161E833CAA004F5970 /* AppFrameworkInfo.plist in Resources */ = {isa = PBXBuildFile; fileRef = 3B3967151E833CAA004F5970 /* AppFrameworkInfo.plist */; };
		74858FAF1ED2DC5600515810 /* AppDelegate.swift in Sources */ = {isa = PBXBuildFile; fileRef = 74858FAE1ED2DC5600515810 /* AppDelegate.swift */; };
		7884E8682EC3CC0700C636F2 /* SceneDelegate.swift in Sources */ = {isa = PBXBuildFile; fileRef = 7884E8672EC3CC0400C636F2 /* SceneDelegate.swift */; };
		78A318202AECB46A00862997 /* FlutterGeneratedPluginSwiftPackage in Frameworks */ = {isa = PBXBuildFile; productRef = 78A3181F2AECB46A00862997 /* FlutterGeneratedPluginSwiftPackage */; };
		CA00000000000000000000D9 /* onnxruntime in Frameworks */ = {isa = PBXBuildFile; productRef = CA00000000000000000000F1 /* onnxruntime */; };
		8E77DA93AE1897ABDFB7273C /* Pods_RunnerTests.framework in Frameworks */ = {isa = PBXBuildFile; fileRef = 650B23531C16D2EF3206C50C /* Pods_RunnerTests.framework */; };
		97C146FC1CF9000F007C117D /* Main.storyboard in Resources */ = {isa = PBXBuildFile; fileRef = 97C146FA1CF9000F007C117D /* Main.storyboard */; };
		97C146FE1CF9000F007C117D /* Assets.xcassets in Resources */ = {isa = PBXBuildFile; fileRef = 97C146FD1CF9000F007C117D /* Assets.xcassets */; };
		CA00000000000000000000C6 /* melspectrogram.onnx in Resources */ = {isa = PBXBuildFile; fileRef = CA00000000000000000000C5 /* melspectrogram.onnx */; };
		CA00000000000000000000C8 /* embedding_model.onnx in Resources */ = {isa = PBXBuildFile; fileRef = CA00000000000000000000C7 /* embedding_model.onnx */; };
		CA00000000000000000000CB /* raro_gravar.onnx in Resources */ = {isa = PBXBuildFile; fileRef = CA00000000000000000000C9 /* raro_gravar.onnx */; };
		CA00000000000000000000CD /* raro_parar.onnx in Resources */ = {isa = PBXBuildFile; fileRef = CA00000000000000000000CC /* raro_parar.onnx */; };
		97C147011CF9000F007C117D /* LaunchScreen.storyboard in Resources */ = {isa = PBXBuildFile; fileRef = 97C146FF1CF9000F007C117D /* LaunchScreen.storyboard */; };
		CA00000000000000000000A1 /* CameraManager.swift in Sources */ = {isa = PBXBuildFile; fileRef = CA00000000000000000000B1 /* CameraManager.swift */; };
		CA00000000000000000000A2 /* CameraErrorMapper.swift in Sources */ = {isa = PBXBuildFile; fileRef = CA00000000000000000000B2 /* CameraErrorMapper.swift */; };
		CA00000000000000000000A3 /* CameraHostApiImpl.swift in Sources */ = {isa = PBXBuildFile; fileRef = CA00000000000000000000B3 /* CameraHostApiImpl.swift */; };
		CA00000000000000000000A4 /* CameraPlatformView.swift in Sources */ = {isa = PBXBuildFile; fileRef = CA00000000000000000000B4 /* CameraPlatformView.swift */; };
		CA00000000000000000000A5 /* CameraPlatformViewFactory.swift in Sources */ = {isa = PBXBuildFile; fileRef = CA00000000000000000000B5 /* CameraPlatformViewFactory.swift */; };
		CA00000000000000000000A6 /* CameraApi.g.swift in Sources */ = {isa = PBXBuildFile; fileRef = CA00000000000000000000B6 /* CameraApi.g.swift */; };
		CA00000000000000000000A7 /* FocusRingConfig.swift in Sources */ = {isa = PBXBuildFile; fileRef = CA00000000000000000000B7 /* FocusRingConfig.swift */; };
		CA00000000000000000000A8 /* CameraPlatformViewTests.swift in Sources */ = {isa = PBXBuildFile; fileRef = CA00000000000000000000B8 /* CameraPlatformViewTests.swift */; };
		CA00000000000000000000A9 /* CameraManagerFocusTests.swift in Sources */ = {isa = PBXBuildFile; fileRef = CA00000000000000000000B9 /* CameraManagerFocusTests.swift */; };
		CA00000000000000000000AA /* RecordingPipeline.swift in Sources */ = {isa = PBXBuildFile; fileRef = CA00000000000000000000BA /* RecordingPipeline.swift */; };
		CA00000000000000000000AB /* CameraManagerRecordingTests.swift in Sources */ = {isa = PBXBuildFile; fileRef = CA00000000000000000000BB /* CameraManagerRecordingTests.swift */; };
		CA00000000000000000000AC /* ThumbnailGenerator.swift in Sources */ = {isa = PBXBuildFile; fileRef = CA00000000000000000000BC /* ThumbnailGenerator.swift */; };
		CA00000000000000000000AD /* ThumbnailGeneratorTests.swift in Sources */ = {isa = PBXBuildFile; fileRef = CA00000000000000000000BD /* ThumbnailGeneratorTests.swift */; };
		CA00000000000000000000AE /* CameraErrorMapperTests.swift in Sources */ = {isa = PBXBuildFile; fileRef = CA00000000000000000000BE /* CameraErrorMapperTests.swift */; };
		CA00000000000000000000AF /* CameraManagerCapabilitiesTests.swift in Sources */ = {isa = PBXBuildFile; fileRef = CA00000000000000000000BF /* CameraManagerCapabilitiesTests.swift */; };
		CA00000000000000000000C0 /* ReplayRingTests.swift in Sources */ = {isa = PBXBuildFile; fileRef = CA00000000000000000000D0 /* ReplayRingTests.swift */; };
		CA00000000000000000000C1 /* ReplayBuffer.swift in Sources */ = {isa = PBXBuildFile; fileRef = CA00000000000000000000D1 /* ReplayBuffer.swift */; };
		CA00000000000000000000C2 /* ReplayBufferHostApiImpl.swift in Sources */ = {isa = PBXBuildFile; fileRef = CA00000000000000000000D2 /* ReplayBufferHostApiImpl.swift */; };
		CA00000000000000000000C3 /* ReplayBufferApi.g.swift in Sources */ = {isa = PBXBuildFile; fileRef = CA00000000000000000000D3 /* ReplayBufferApi.g.swift */; };
		CA00000000000000000000C4 /* ReplayExportSettingsTests.swift in Sources */ = {isa = PBXBuildFile; fileRef = CA00000000000000000000D4 /* ReplayExportSettingsTests.swift */; };
		CA00000000000000000000E1 /* VoiceManager.swift in Sources */ = {isa = PBXBuildFile; fileRef = CA00000000000000000000E0 /* VoiceManager.swift */; };
		CA000000000000000000010A /* WakeWordPipeline.swift in Sources */ = {isa = PBXBuildFile; fileRef = CA000000000000000000010B /* WakeWordPipeline.swift */; };
		CA00000000000000000000DA /* WakeWordDetector.swift in Sources */ = {isa = PBXBuildFile; fileRef = CA00000000000000000000DB /* WakeWordDetector.swift */; };
		CA00000000000000000000D5 /* OnnxModelSession.swift in Sources */ = {isa = PBXBuildFile; fileRef = CA00000000000000000000D6 /* OnnxModelSession.swift */; };
		CA00000000000000000000F5 /* AudioSessionCoordinator.swift in Sources */ = {isa = PBXBuildFile; fileRef = CA00000000000000000000F4 /* AudioSessionCoordinator.swift */; };
		CA00000000000000000000E3 /* VoiceHostApiImpl.swift in Sources */ = {isa = PBXBuildFile; fileRef = CA00000000000000000000E2 /* VoiceHostApiImpl.swift */; };
		CA00000000000000000000E5 /* VoiceApi.g.swift in Sources */ = {isa = PBXBuildFile; fileRef = CA00000000000000000000E4 /* VoiceApi.g.swift */; };
		CA00000000000000000000E7 /* VoiceManagerTests.swift in Sources */ = {isa = PBXBuildFile; fileRef = CA00000000000000000000E6 /* VoiceManagerTests.swift */; };
		CA00000000000000000000F3 /* AudioSessionCoordinatorTests.swift in Sources */ = {isa = PBXBuildFile; fileRef = CA00000000000000000000F2 /* AudioSessionCoordinatorTests.swift */; };
		CA00000000000000000000F6 /* WakeWordPipelineTests.swift in Sources */ = {isa = PBXBuildFile; fileRef = CA00000000000000000000F7 /* WakeWordPipelineTests.swift */; };
		CA00000000000000000000D7 /* OnnxModelSessionTests.swift in Sources */ = {isa = PBXBuildFile; fileRef = CA00000000000000000000D8 /* OnnxModelSessionTests.swift */; };
		CA00000000000000000000DC /* WakeWordDetectorTests.swift in Sources */ = {isa = PBXBuildFile; fileRef = CA00000000000000000000DD /* WakeWordDetectorTests.swift */; };
		CA00000000000000000000E9 /* ObjCExceptionCatcher.m in Sources */ = {isa = PBXBuildFile; fileRef = CA00000000000000000000E8 /* ObjCExceptionCatcher.m */; };
/* End PBXBuildFile section */

/* Begin PBXContainerItemProxy section */
		331C8085294A63A400263BE5 /* PBXContainerItemProxy */ = {
			isa = PBXContainerItemProxy;
			containerPortal = 97C146E61CF9000F007C117D /* Project object */;
			proxyType = 1;
			remoteGlobalIDString = 97C146ED1CF9000F007C117D;
			remoteInfo = Runner;
		};
/* End PBXContainerItemProxy section */

/* Begin PBXCopyFilesBuildPhase section */
		9705A1C41CF9048500538489 /* Embed Frameworks */ = {
			isa = PBXCopyFilesBuildPhase;
			buildActionMask = 2147483647;
			dstPath = "";
			dstSubfolderSpec = 10;
			files = (
			);
			name = "Embed Frameworks";
			runOnlyForDeploymentPostprocessing = 0;
		};
/* End PBXCopyFilesBuildPhase section */

/* Begin PBXFileReference section */
		1498D2321E8E86230040F4C2 /* GeneratedPluginRegistrant.h */ = {isa = PBXFileReference; lastKnownFileType = sourcecode.c.h; path = GeneratedPluginRegistrant.h; sourceTree = "<group>"; };
		1498D2331E8E89220040F4C2 /* GeneratedPluginRegistrant.m */ = {isa = PBXFileReference; fileEncoding = 4; lastKnownFileType = sourcecode.c.objc; path = GeneratedPluginRegistrant.m; sourceTree = "<group>"; };
		2E641304104844A688486E24 /* Pods-Runner.debug.xcconfig */ = {isa = PBXFileReference; includeInIndex = 1; lastKnownFileType = text.xcconfig; name = "Pods-Runner.debug.xcconfig"; path = "Target Support Files/Pods-Runner/Pods-Runner.debug.xcconfig"; sourceTree = "<group>"; };
		2F3979CA85878C4C06D94F6C /* Pods-RunnerTests.release.xcconfig */ = {isa = PBXFileReference; includeInIndex = 1; lastKnownFileType = text.xcconfig; name = "Pods-RunnerTests.release.xcconfig"; path = "Target Support Files/Pods-RunnerTests/Pods-RunnerTests.release.xcconfig"; sourceTree = "<group>"; };
		331C807B294A618700263BE5 /* RunnerTests.swift */ = {isa = PBXFileReference; lastKnownFileType = sourcecode.swift; path = RunnerTests.swift; sourceTree = "<group>"; };
		331C8081294A63A400263BE5 /* RunnerTests.xctest */ = {isa = PBXFileReference; explicitFileType = wrapper.cfbundle; includeInIndex = 0; path = RunnerTests.xctest; sourceTree = BUILT_PRODUCTS_DIR; };
		3B3967151E833CAA004F5970 /* AppFrameworkInfo.plist */ = {isa = PBXFileReference; fileEncoding = 4; lastKnownFileType = text.plist.xml; name = AppFrameworkInfo.plist; path = Flutter/AppFrameworkInfo.plist; sourceTree = "<group>"; };
		64CCBDD53E6244664369667E /* Pods_Runner.framework */ = {isa = PBXFileReference; explicitFileType = wrapper.framework; includeInIndex = 0; path = Pods_Runner.framework; sourceTree = BUILT_PRODUCTS_DIR; };
		650B23531C16D2EF3206C50C /* Pods_RunnerTests.framework */ = {isa = PBXFileReference; explicitFileType = wrapper.framework; includeInIndex = 0; path = Pods_RunnerTests.framework; sourceTree = BUILT_PRODUCTS_DIR; };
		74858FAD1ED2DC5600515810 /* Runner-Bridging-Header.h */ = {isa = PBXFileReference; lastKnownFileType = sourcecode.c.h; path = "Runner-Bridging-Header.h"; sourceTree = "<group>"; };
		74858FAE1ED2DC5600515810 /* AppDelegate.swift */ = {isa = PBXFileReference; fileEncoding = 4; lastKnownFileType = sourcecode.swift; path = AppDelegate.swift; sourceTree = "<group>"; };
		7884E8672EC3CC0400C636F2 /* SceneDelegate.swift */ = {isa = PBXFileReference; lastKnownFileType = sourcecode.swift; path = SceneDelegate.swift; sourceTree = "<group>"; };
		78E0A7A72DC9AD7400C4905E /* FlutterGeneratedPluginSwiftPackage */ = {isa = PBXFileReference; lastKnownFileType = wrapper; name = FlutterGeneratedPluginSwiftPackage; path = Flutter/ephemeral/Packages/FlutterGeneratedPluginSwiftPackage; sourceTree = "<group>"; };
		7AFA3C8E1D35360C0083082E /* Release.xcconfig */ = {isa = PBXFileReference; lastKnownFileType = text.xcconfig; name = Release.xcconfig; path = Flutter/Release.xcconfig; sourceTree = "<group>"; };
		92B1D3EB7939DEB1E03834F6 /* Pods-Runner.release.xcconfig */ = {isa = PBXFileReference; includeInIndex = 1; lastKnownFileType = text.xcconfig; name = "Pods-Runner.release.xcconfig"; path = "Target Support Files/Pods-Runner/Pods-Runner.release.xcconfig"; sourceTree = "<group>"; };
		9740EEB21CF90195004384FC /* Debug.xcconfig */ = {isa = PBXFileReference; fileEncoding = 4; lastKnownFileType = text.xcconfig; name = Debug.xcconfig; path = Flutter/Debug.xcconfig; sourceTree = "<group>"; };
		9740EEB31CF90195004384FC /* Generated.xcconfig */ = {isa = PBXFileReference; fileEncoding = 4; lastKnownFileType = text.xcconfig; name = Generated.xcconfig; path = Flutter/Generated.xcconfig; sourceTree = "<group>"; };
		97C146EE1CF9000F007C117D /* Runner.app */ = {isa = PBXFileReference; explicitFileType = wrapper.application; includeInIndex = 0; path = Runner.app; sourceTree = BUILT_PRODUCTS_DIR; };
		97C146FB1CF9000F007C117D /* Base */ = {isa = PBXFileReference; lastKnownFileType = file.storyboard; name = Base; path = Base.lproj/Main.storyboard; sourceTree = "<group>"; };
		97C146FD1CF9000F007C117D /* Assets.xcassets */ = {isa = PBXFileReference; lastKnownFileType = folder.assetcatalog; path = Assets.xcassets; sourceTree = "<group>"; };
		CA00000000000000000000C5 /* melspectrogram.onnx */ = {isa = PBXFileReference; lastKnownFileType = file; path = Resources/melspectrogram.onnx; sourceTree = "<group>"; };
		CA00000000000000000000C7 /* embedding_model.onnx */ = {isa = PBXFileReference; lastKnownFileType = file; path = Resources/embedding_model.onnx; sourceTree = "<group>"; };
		CA00000000000000000000C9 /* raro_gravar.onnx */ = {isa = PBXFileReference; lastKnownFileType = file; path = Resources/raro_gravar.onnx; sourceTree = "<group>"; };
		CA00000000000000000000CC /* raro_parar.onnx */ = {isa = PBXFileReference; lastKnownFileType = file; path = Resources/raro_parar.onnx; sourceTree = "<group>"; };
		97C147001CF9000F007C117D /* Base */ = {isa = PBXFileReference; lastKnownFileType = file.storyboard; name = Base; path = Base.lproj/LaunchScreen.storyboard; sourceTree = "<group>"; };
		97C147021CF9000F007C117D /* Info.plist */ = {isa = PBXFileReference; lastKnownFileType = text.plist.xml; path = Info.plist; sourceTree = "<group>"; };
		B05C1B29D68A9DDF989FF3B5 /* Pods-RunnerTests.debug.xcconfig */ = {isa = PBXFileReference; includeInIndex = 1; lastKnownFileType = text.xcconfig; name = "Pods-RunnerTests.debug.xcconfig"; path = "Target Support Files/Pods-RunnerTests/Pods-RunnerTests.debug.xcconfig"; sourceTree = "<group>"; };
		CA00000000000000000000B1 /* CameraManager.swift */ = {isa = PBXFileReference; lastKnownFileType = sourcecode.swift; path = Native/Camera/CameraManager.swift; sourceTree = "<group>"; };
		CA00000000000000000000B2 /* CameraErrorMapper.swift */ = {isa = PBXFileReference; lastKnownFileType = sourcecode.swift; path = Native/Camera/CameraErrorMapper.swift; sourceTree = "<group>"; };
		CA00000000000000000000B3 /* CameraHostApiImpl.swift */ = {isa = PBXFileReference; lastKnownFileType = sourcecode.swift; path = Native/Camera/CameraHostApiImpl.swift; sourceTree = "<group>"; };
		CA00000000000000000000B4 /* CameraPlatformView.swift */ = {isa = PBXFileReference; lastKnownFileType = sourcecode.swift; path = Native/Camera/CameraPlatformView.swift; sourceTree = "<group>"; };
		CA00000000000000000000B5 /* CameraPlatformViewFactory.swift */ = {isa = PBXFileReference; lastKnownFileType = sourcecode.swift; path = Native/Camera/CameraPlatformViewFactory.swift; sourceTree = "<group>"; };
		CA00000000000000000000B6 /* CameraApi.g.swift */ = {isa = PBXFileReference; lastKnownFileType = sourcecode.swift; path = Native/Generated/CameraApi.g.swift; sourceTree = "<group>"; };
		CA00000000000000000000B7 /* FocusRingConfig.swift */ = {isa = PBXFileReference; lastKnownFileType = sourcecode.swift; path = Native/Camera/FocusRingConfig.swift; sourceTree = "<group>"; };
		CA00000000000000000000B8 /* CameraPlatformViewTests.swift */ = {isa = PBXFileReference; lastKnownFileType = sourcecode.swift; path = CameraPlatformViewTests.swift; sourceTree = "<group>"; };
		CA00000000000000000000B9 /* CameraManagerFocusTests.swift */ = {isa = PBXFileReference; lastKnownFileType = sourcecode.swift; path = CameraManagerFocusTests.swift; sourceTree = "<group>"; };
		CA00000000000000000000BA /* RecordingPipeline.swift */ = {isa = PBXFileReference; lastKnownFileType = sourcecode.swift; path = Native/Camera/RecordingPipeline.swift; sourceTree = "<group>"; };
		CA00000000000000000000BB /* CameraManagerRecordingTests.swift */ = {isa = PBXFileReference; lastKnownFileType = sourcecode.swift; path = CameraManagerRecordingTests.swift; sourceTree = "<group>"; };
		CA00000000000000000000BC /* ThumbnailGenerator.swift */ = {isa = PBXFileReference; lastKnownFileType = sourcecode.swift; path = Native/Camera/ThumbnailGenerator.swift; sourceTree = "<group>"; };
		CA00000000000000000000BD /* ThumbnailGeneratorTests.swift */ = {isa = PBXFileReference; lastKnownFileType = sourcecode.swift; path = ThumbnailGeneratorTests.swift; sourceTree = "<group>"; };
		CA00000000000000000000BE /* CameraErrorMapperTests.swift */ = {isa = PBXFileReference; lastKnownFileType = sourcecode.swift; path = CameraErrorMapperTests.swift; sourceTree = "<group>"; };
		CA00000000000000000000BF /* CameraManagerCapabilitiesTests.swift */ = {isa = PBXFileReference; lastKnownFileType = sourcecode.swift; path = CameraManagerCapabilitiesTests.swift; sourceTree = "<group>"; };
		CA00000000000000000000D0 /* ReplayRingTests.swift */ = {isa = PBXFileReference; lastKnownFileType = sourcecode.swift; path = ReplayRingTests.swift; sourceTree = "<group>"; };
		CA00000000000000000000D1 /* ReplayBuffer.swift */ = {isa = PBXFileReference; lastKnownFileType = sourcecode.swift; path = Native/Camera/ReplayBuffer.swift; sourceTree = "<group>"; };
		CA00000000000000000000D2 /* ReplayBufferHostApiImpl.swift */ = {isa = PBXFileReference; lastKnownFileType = sourcecode.swift; path = Native/Camera/ReplayBufferHostApiImpl.swift; sourceTree = "<group>"; };
		CA00000000000000000000D3 /* ReplayBufferApi.g.swift */ = {isa = PBXFileReference; lastKnownFileType = sourcecode.swift; path = Native/Generated/ReplayBufferApi.g.swift; sourceTree = "<group>"; };
		CA00000000000000000000D4 /* ReplayExportSettingsTests.swift */ = {isa = PBXFileReference; lastKnownFileType = sourcecode.swift; path = ReplayExportSettingsTests.swift; sourceTree = "<group>"; };
		CA00000000000000000000E0 /* VoiceManager.swift */ = {isa = PBXFileReference; lastKnownFileType = sourcecode.swift; path = Native/Voice/VoiceManager.swift; sourceTree = "<group>"; };
		CA000000000000000000010B /* WakeWordPipeline.swift */ = {isa = PBXFileReference; lastKnownFileType = sourcecode.swift; path = Native/Voice/WakeWordPipeline.swift; sourceTree = "<group>"; };
		CA00000000000000000000DB /* WakeWordDetector.swift */ = {isa = PBXFileReference; lastKnownFileType = sourcecode.swift; path = Native/Voice/WakeWordDetector.swift; sourceTree = "<group>"; };
		CA00000000000000000000D6 /* OnnxModelSession.swift */ = {isa = PBXFileReference; lastKnownFileType = sourcecode.swift; path = Native/Voice/OnnxModelSession.swift; sourceTree = "<group>"; };
		CA00000000000000000000F4 /* AudioSessionCoordinator.swift */ = {isa = PBXFileReference; lastKnownFileType = sourcecode.swift; path = Native/Voice/AudioSessionCoordinator.swift; sourceTree = "<group>"; };
		CA00000000000000000000E2 /* VoiceHostApiImpl.swift */ = {isa = PBXFileReference; lastKnownFileType = sourcecode.swift; path = Native/Voice/VoiceHostApiImpl.swift; sourceTree = "<group>"; };
		CA00000000000000000000E4 /* VoiceApi.g.swift */ = {isa = PBXFileReference; lastKnownFileType = sourcecode.swift; path = Native/Generated/VoiceApi.g.swift; sourceTree = "<group>"; };
		CA00000000000000000000E6 /* VoiceManagerTests.swift */ = {isa = PBXFileReference; lastKnownFileType = sourcecode.swift; path = VoiceManagerTests.swift; sourceTree = "<group>"; };
		CA00000000000000000000F2 /* AudioSessionCoordinatorTests.swift */ = {isa = PBXFileReference; lastKnownFileType = sourcecode.swift; path = AudioSessionCoordinatorTests.swift; sourceTree = "<group>"; };
		CA00000000000000000000F7 /* WakeWordPipelineTests.swift */ = {isa = PBXFileReference; lastKnownFileType = sourcecode.swift; path = WakeWordPipelineTests.swift; sourceTree = "<group>"; };
		CA00000000000000000000D8 /* OnnxModelSessionTests.swift */ = {isa = PBXFileReference; lastKnownFileType = sourcecode.swift; path = OnnxModelSessionTests.swift; sourceTree = "<group>"; };
		CA00000000000000000000DD /* WakeWordDetectorTests.swift */ = {isa = PBXFileReference; lastKnownFileType = sourcecode.swift; path = WakeWordDetectorTests.swift; sourceTree = "<group>"; };
		CA00000000000000000000E8 /* ObjCExceptionCatcher.m */ = {isa = PBXFileReference; lastKnownFileType = sourcecode.c.objc; path = Native/Voice/ObjCExceptionCatcher.m; sourceTree = "<group>"; };
		CA00000000000000000000EA /* ObjCExceptionCatcher.h */ = {isa = PBXFileReference; lastKnownFileType = sourcecode.c.h; path = Native/Voice/ObjCExceptionCatcher.h; sourceTree = "<group>"; };
		DEA69524B3E9912E3431748D /* Pods-Runner.profile.xcconfig */ = {isa = PBXFileReference; includeInIndex = 1; lastKnownFileType = text.xcconfig; name = "Pods-Runner.profile.xcconfig"; path = "Target Support Files/Pods-Runner/Pods-Runner.profile.xcconfig"; sourceTree = "<group>"; };
		E0E272C120536D714518903C /* Pods-RunnerTests.profile.xcconfig */ = {isa = PBXFileReference; includeInIndex = 1; lastKnownFileType = text.xcconfig; name = "Pods-RunnerTests.profile.xcconfig"; path = "Target Support Files/Pods-RunnerTests/Pods-RunnerTests.profile.xcconfig"; sourceTree = "<group>"; };
/* End PBXFileReference section */

/* Begin PBXFrameworksBuildPhase section */
		97C146EB1CF9000F007C117D /* Frameworks */ = {
			isa = PBXFrameworksBuildPhase;
			buildActionMask = 2147483647;
			files = (
				78A318202AECB46A00862997 /* FlutterGeneratedPluginSwiftPackage in Frameworks */,
				CA00000000000000000000D9 /* onnxruntime in Frameworks */,
				2435461305CE6206E30C47F8 /* Pods_Runner.framework in Frameworks */,
			);
			runOnlyForDeploymentPostprocessing = 0;
		};
		ABF142CD5AF25FE5E83FB0B9 /* Frameworks */ = {
			isa = PBXFrameworksBuildPhase;
			buildActionMask = 2147483647;
			files = (
				8E77DA93AE1897ABDFB7273C /* Pods_RunnerTests.framework in Frameworks */,
			);
			runOnlyForDeploymentPostprocessing = 0;
		};
/* End PBXFrameworksBuildPhase section */

/* Begin PBXGroup section */
		039D2E1473C5D897C879CDA5 /* Frameworks */ = {
			isa = PBXGroup;
			children = (
				64CCBDD53E6244664369667E /* Pods_Runner.framework */,
				650B23531C16D2EF3206C50C /* Pods_RunnerTests.framework */,
			);
			name = Frameworks;
			sourceTree = "<group>";
		};
		273D0211FB7B129573569069 /* Pods */ = {
			isa = PBXGroup;
			children = (
				2E641304104844A688486E24 /* Pods-Runner.debug.xcconfig */,
				92B1D3EB7939DEB1E03834F6 /* Pods-Runner.release.xcconfig */,
				DEA69524B3E9912E3431748D /* Pods-Runner.profile.xcconfig */,
				B05C1B29D68A9DDF989FF3B5 /* Pods-RunnerTests.debug.xcconfig */,
				2F3979CA85878C4C06D94F6C /* Pods-RunnerTests.release.xcconfig */,
				E0E272C120536D714518903C /* Pods-RunnerTests.profile.xcconfig */,
			);
			path = Pods;
			sourceTree = "<group>";
		};
		331C8082294A63A400263BE5 /* RunnerTests */ = {
			isa = PBXGroup;
			children = (
				331C807B294A618700263BE5 /* RunnerTests.swift */,
				CA00000000000000000000B8 /* CameraPlatformViewTests.swift */,
				CA00000000000000000000B9 /* CameraManagerFocusTests.swift */,
				CA00000000000000000000BB /* CameraManagerRecordingTests.swift */,
				CA00000000000000000000BD /* ThumbnailGeneratorTests.swift */,
				CA00000000000000000000BE /* CameraErrorMapperTests.swift */,
				CA00000000000000000000BF /* CameraManagerCapabilitiesTests.swift */,
				CA00000000000000000000D0 /* ReplayRingTests.swift */,
				CA00000000000000000000D4 /* ReplayExportSettingsTests.swift */,
				CA00000000000000000000E6 /* VoiceManagerTests.swift */,
				CA00000000000000000000F2 /* AudioSessionCoordinatorTests.swift */,
				CA00000000000000000000F7 /* WakeWordPipelineTests.swift */,
				CA00000000000000000000D8 /* OnnxModelSessionTests.swift */,
				CA00000000000000000000DD /* WakeWordDetectorTests.swift */,
			);
			path = RunnerTests;
			sourceTree = "<group>";
		};
		9740EEB11CF90186004384FC /* Flutter */ = {
			isa = PBXGroup;
			children = (
				78E0A7A72DC9AD7400C4905E /* FlutterGeneratedPluginSwiftPackage */,
				3B3967151E833CAA004F5970 /* AppFrameworkInfo.plist */,
				9740EEB21CF90195004384FC /* Debug.xcconfig */,
				7AFA3C8E1D35360C0083082E /* Release.xcconfig */,
				9740EEB31CF90195004384FC /* Generated.xcconfig */,
			);
			name = Flutter;
			sourceTree = "<group>";
		};
		97C146E51CF9000F007C117D = {
			isa = PBXGroup;
			children = (
				9740EEB11CF90186004384FC /* Flutter */,
				97C146F01CF9000F007C117D /* Runner */,
				97C146EF1CF9000F007C117D /* Products */,
				331C8082294A63A400263BE5 /* RunnerTests */,
				273D0211FB7B129573569069 /* Pods */,
				039D2E1473C5D897C879CDA5 /* Frameworks */,
			);
			sourceTree = "<group>";
		};
		97C146EF1CF9000F007C117D /* Products */ = {
			isa = PBXGroup;
			children = (
				97C146EE1CF9000F007C117D /* Runner.app */,
				331C8081294A63A400263BE5 /* RunnerTests.xctest */,
			);
			name = Products;
			sourceTree = "<group>";
		};
		97C146F01CF9000F007C117D /* Runner */ = {
			isa = PBXGroup;
			children = (
				97C146FA1CF9000F007C117D /* Main.storyboard */,
				97C146FD1CF9000F007C117D /* Assets.xcassets */,
				CA00000000000000000000C5 /* melspectrogram.onnx */,
				CA00000000000000000000C7 /* embedding_model.onnx */,
				CA00000000000000000000C9 /* raro_gravar.onnx */,
				CA00000000000000000000CC /* raro_parar.onnx */,
				97C146FF1CF9000F007C117D /* LaunchScreen.storyboard */,
				97C147021CF9000F007C117D /* Info.plist */,
				1498D2321E8E86230040F4C2 /* GeneratedPluginRegistrant.h */,
				1498D2331E8E89220040F4C2 /* GeneratedPluginRegistrant.m */,
				74858FAE1ED2DC5600515810 /* AppDelegate.swift */,
				7884E8672EC3CC0400C636F2 /* SceneDelegate.swift */,
				74858FAD1ED2DC5600515810 /* Runner-Bridging-Header.h */,
				CA00000000000000000000B1 /* CameraManager.swift */,
				CA00000000000000000000B2 /* CameraErrorMapper.swift */,
				CA00000000000000000000B3 /* CameraHostApiImpl.swift */,
				CA00000000000000000000B4 /* CameraPlatformView.swift */,
				CA00000000000000000000B5 /* CameraPlatformViewFactory.swift */,
				CA00000000000000000000B6 /* CameraApi.g.swift */,
				CA00000000000000000000B7 /* FocusRingConfig.swift */,
				CA00000000000000000000BA /* RecordingPipeline.swift */,
				CA00000000000000000000BC /* ThumbnailGenerator.swift */,
				CA00000000000000000000D1 /* ReplayBuffer.swift */,
				CA00000000000000000000D2 /* ReplayBufferHostApiImpl.swift */,
				CA00000000000000000000D3 /* ReplayBufferApi.g.swift */,
				CA00000000000000000000E0 /* VoiceManager.swift */,
				CA00000000000000000000F4 /* AudioSessionCoordinator.swift */,
				CA000000000000000000010B /* WakeWordPipeline.swift */,
				CA00000000000000000000DB /* WakeWordDetector.swift */,
				CA00000000000000000000D6 /* OnnxModelSession.swift */,
				CA00000000000000000000E2 /* VoiceHostApiImpl.swift */,
				CA00000000000000000000E4 /* VoiceApi.g.swift */,
				CA00000000000000000000E8 /* ObjCExceptionCatcher.m */,
				CA00000000000000000000EA /* ObjCExceptionCatcher.h */,
			);
			path = Runner;
			sourceTree = "<group>";
		};
/* End PBXGroup section */

/* Begin PBXNativeTarget section */
		331C8080294A63A400263BE5 /* RunnerTests */ = {
			isa = PBXNativeTarget;
			buildConfigurationList = 331C8087294A63A400263BE5 /* Build configuration list for PBXNativeTarget "RunnerTests" */;
			buildPhases = (
				E7D4330F1DE7B131BAD0A391 /* [CP] Check Pods Manifest.lock */,
				331C807D294A63A400263BE5 /* Sources */,
				331C807F294A63A400263BE5 /* Resources */,
				ABF142CD5AF25FE5E83FB0B9 /* Frameworks */,
			);
			buildRules = (
			);
			dependencies = (
				331C8086294A63A400263BE5 /* PBXTargetDependency */,
			);
			name = RunnerTests;
			productName = RunnerTests;
			productReference = 331C8081294A63A400263BE5 /* RunnerTests.xctest */;
			productType = "com.apple.product-type.bundle.unit-test";
		};
		97C146ED1CF9000F007C117D /* Runner */ = {
			isa = PBXNativeTarget;
			buildConfigurationList = 97C147051CF9000F007C117D /* Build configuration list for PBXNativeTarget "Runner" */;
			buildPhases = (
				D7F610906FE5278251AEE422 /* [CP] Check Pods Manifest.lock */,
				9740EEB61CF901F6004384FC /* Run Script */,
				97C146EA1CF9000F007C117D /* Sources */,
				97C146EB1CF9000F007C117D /* Frameworks */,
				97C146EC1CF9000F007C117D /* Resources */,
				9705A1C41CF9048500538489 /* Embed Frameworks */,
				3B06AD1E1E4923F5004D2608 /* Thin Binary */,
				7AB01A9013AF2D41530306FC /* [CP] Copy Pods Resources */,
			);
			buildRules = (
			);
			dependencies = (
			);
			name = Runner;
			packageProductDependencies = (
				78A3181F2AECB46A00862997 /* FlutterGeneratedPluginSwiftPackage */,
				CA00000000000000000000F1 /* onnxruntime */,
			);
			productName = Runner;
			productReference = 97C146EE1CF9000F007C117D /* Runner.app */;
			productType = "com.apple.product-type.application";
		};
/* End PBXNativeTarget section */

/* Begin PBXProject section */
		97C146E61CF9000F007C117D /* Project object */ = {
			isa = PBXProject;
			attributes = {
				BuildIndependentTargetsInParallel = YES;
				LastUpgradeCheck = 1510;
				ORGANIZATIONNAME = "";
				TargetAttributes = {
					331C8080294A63A400263BE5 = {
						CreatedOnToolsVersion = 14.0;
						TestTargetID = 97C146ED1CF9000F007C117D;
					};
					97C146ED1CF9000F007C117D = {
						CreatedOnToolsVersion = 7.3.1;
						LastSwiftMigration = 1100;
					};
				};
			};
			buildConfigurationList = 97C146E91CF9000F007C117D /* Build configuration list for PBXProject "Runner" */;
			compatibilityVersion = "Xcode 9.3";
			developmentRegion = en;
			hasScannedForEncodings = 0;
			knownRegions = (
				en,
				Base,
			);
			mainGroup = 97C146E51CF9000F007C117D;
			packageReferences = (
				781AD8BC2B33823900A9FFBB /* XCLocalSwiftPackageReference "FlutterGeneratedPluginSwiftPackage" */,
				CA00000000000000000000F0 /* XCRemoteSwiftPackageReference "onnxruntime-swift-package-manager" */,
			);
			productRefGroup = 97C146EF1CF9000F007C117D /* Products */;
			projectDirPath = "";
			projectRoot = "";
			targets = (
				97C146ED1CF9000F007C117D /* Runner */,
				331C8080294A63A400263BE5 /* RunnerTests */,
			);
		};
/* End PBXProject section */

/* Begin PBXResourcesBuildPhase section */
		331C807F294A63A400263BE5 /* Resources */ = {
			isa = PBXResourcesBuildPhase;
			buildActionMask = 2147483647;
			files = (
			);
			runOnlyForDeploymentPostprocessing = 0;
		};
		97C146EC1CF9000F007C117D /* Resources */ = {
			isa = PBXResourcesBuildPhase;
			buildActionMask = 2147483647;
			files = (
				97C147011CF9000F007C117D /* LaunchScreen.storyboard in Resources */,
				3B3967161E833CAA004F5970 /* AppFrameworkInfo.plist in Resources */,
				97C146FE1CF9000F007C117D /* Assets.xcassets in Resources */,
				CA00000000000000000000C6 /* melspectrogram.onnx in Resources */,
				CA00000000000000000000C8 /* embedding_model.onnx in Resources */,
				CA00000000000000000000CB /* raro_gravar.onnx in Resources */,
				CA00000000000000000000CD /* raro_parar.onnx in Resources */,
				97C146FC1CF9000F007C117D /* Main.storyboard in Resources */,
			);
			runOnlyForDeploymentPostprocessing = 0;
		};
/* End PBXResourcesBuildPhase section */

/* Begin PBXShellScriptBuildPhase section */
		3B06AD1E1E4923F5004D2608 /* Thin Binary */ = {
			isa = PBXShellScriptBuildPhase;
			alwaysOutOfDate = 1;
			buildActionMask = 2147483647;
			files = (
			);
			inputPaths = (
				"${TARGET_BUILD_DIR}/${INFOPLIST_PATH}",
			);
			name = "Thin Binary";
			outputPaths = (
			);
			runOnlyForDeploymentPostprocessing = 0;
			shellPath = /bin/sh;
			shellScript = "/bin/sh \"$FLUTTER_ROOT/packages/flutter_tools/bin/xcode_backend.sh\" embed_and_thin";
		};
		7AB01A9013AF2D41530306FC /* [CP] Copy Pods Resources */ = {
			isa = PBXShellScriptBuildPhase;
			buildActionMask = 2147483647;
			files = (
			);
			inputFileListPaths = (
				"${PODS_ROOT}/Target Support Files/Pods-Runner/Pods-Runner-resources-${CONFIGURATION}-input-files.xcfilelist",
			);
			name = "[CP] Copy Pods Resources";
			outputFileListPaths = (
				"${PODS_ROOT}/Target Support Files/Pods-Runner/Pods-Runner-resources-${CONFIGURATION}-output-files.xcfilelist",
			);
			runOnlyForDeploymentPostprocessing = 0;
			shellPath = /bin/sh;
			shellScript = "\"${PODS_ROOT}/Target Support Files/Pods-Runner/Pods-Runner-resources.sh\"\n";
			showEnvVarsInLog = 0;
		};
		9740EEB61CF901F6004384FC /* Run Script */ = {
			isa = PBXShellScriptBuildPhase;
			alwaysOutOfDate = 1;
			buildActionMask = 2147483647;
			files = (
			);
			inputPaths = (
			);
			name = "Run Script";
			outputPaths = (
			);
			runOnlyForDeploymentPostprocessing = 0;
			shellPath = /bin/sh;
			shellScript = "/bin/sh \"$FLUTTER_ROOT/packages/flutter_tools/bin/xcode_backend.sh\" build";
		};
		D7F610906FE5278251AEE422 /* [CP] Check Pods Manifest.lock */ = {
			isa = PBXShellScriptBuildPhase;
			buildActionMask = 2147483647;
			files = (
			);
			inputFileListPaths = (
			);
			inputPaths = (
				"${PODS_PODFILE_DIR_PATH}/Podfile.lock",
				"${PODS_ROOT}/Manifest.lock",
			);
			name = "[CP] Check Pods Manifest.lock";
			outputFileListPaths = (
			);
			outputPaths = (
				"$(DERIVED_FILE_DIR)/Pods-Runner-checkManifestLockResult.txt",
			);
			runOnlyForDeploymentPostprocessing = 0;
			shellPath = /bin/sh;
			shellScript = "diff \"${PODS_PODFILE_DIR_PATH}/Podfile.lock\" \"${PODS_ROOT}/Manifest.lock\" > /dev/null\nif [ $? != 0 ] ; then\n    # print error to STDERR\n    echo \"error: The sandbox is not in sync with the Podfile.lock. Run 'pod install' or update your CocoaPods installation.\" >&2\n    exit 1\nfi\n# This output is used by Xcode 'outputs' to avoid re-running this script phase.\necho \"SUCCESS\" > \"${SCRIPT_OUTPUT_FILE_0}\"\n";
			showEnvVarsInLog = 0;
		};
		E7D4330F1DE7B131BAD0A391 /* [CP] Check Pods Manifest.lock */ = {
			isa = PBXShellScriptBuildPhase;
			buildActionMask = 2147483647;
			files = (
			);
			inputFileListPaths = (
			);
			inputPaths = (
				"${PODS_PODFILE_DIR_PATH}/Podfile.lock",
				"${PODS_ROOT}/Manifest.lock",
			);
			name = "[CP] Check Pods Manifest.lock";
			outputFileListPaths = (
			);
			outputPaths = (
				"$(DERIVED_FILE_DIR)/Pods-RunnerTests-checkManifestLockResult.txt",
			);
			runOnlyForDeploymentPostprocessing = 0;
			shellPath = /bin/sh;
			shellScript = "diff \"${PODS_PODFILE_DIR_PATH}/Podfile.lock\" \"${PODS_ROOT}/Manifest.lock\" > /dev/null\nif [ $? != 0 ] ; then\n    # print error to STDERR\n    echo \"error: The sandbox is not in sync with the Podfile.lock. Run 'pod install' or update your CocoaPods installation.\" >&2\n    exit 1\nfi\n# This output is used by Xcode 'outputs' to avoid re-running this script phase.\necho \"SUCCESS\" > \"${SCRIPT_OUTPUT_FILE_0}\"\n";
			showEnvVarsInLog = 0;
		};
/* End PBXShellScriptBuildPhase section */

/* Begin PBXSourcesBuildPhase section */
		331C807D294A63A400263BE5 /* Sources */ = {
			isa = PBXSourcesBuildPhase;
			buildActionMask = 2147483647;
			files = (
				331C808B294A63AB00263BE5 /* RunnerTests.swift in Sources */,
				CA00000000000000000000A8 /* CameraPlatformViewTests.swift in Sources */,
				CA00000000000000000000A9 /* CameraManagerFocusTests.swift in Sources */,
				CA00000000000000000000AB /* CameraManagerRecordingTests.swift in Sources */,
				CA00000000000000000000AD /* ThumbnailGeneratorTests.swift in Sources */,
				CA00000000000000000000AE /* CameraErrorMapperTests.swift in Sources */,
				CA00000000000000000000AF /* CameraManagerCapabilitiesTests.swift in Sources */,
				CA00000000000000000000C0 /* ReplayRingTests.swift in Sources */,
				CA00000000000000000000C4 /* ReplayExportSettingsTests.swift in Sources */,
				CA00000000000000000000E7 /* VoiceManagerTests.swift in Sources */,
				CA00000000000000000000F3 /* AudioSessionCoordinatorTests.swift in Sources */,
				CA00000000000000000000F6 /* WakeWordPipelineTests.swift in Sources */,
				CA00000000000000000000D7 /* OnnxModelSessionTests.swift in Sources */,
				CA00000000000000000000DC /* WakeWordDetectorTests.swift in Sources */,
			);
			runOnlyForDeploymentPostprocessing = 0;
		};
		97C146EA1CF9000F007C117D /* Sources */ = {
			isa = PBXSourcesBuildPhase;
			buildActionMask = 2147483647;
			files = (
				74858FAF1ED2DC5600515810 /* AppDelegate.swift in Sources */,
				1498D2341E8E89220040F4C2 /* GeneratedPluginRegistrant.m in Sources */,
				7884E8682EC3CC0700C636F2 /* SceneDelegate.swift in Sources */,
				CA00000000000000000000A1 /* CameraManager.swift in Sources */,
				CA00000000000000000000A2 /* CameraErrorMapper.swift in Sources */,
				CA00000000000000000000A3 /* CameraHostApiImpl.swift in Sources */,
				CA00000000000000000000A4 /* CameraPlatformView.swift in Sources */,
				CA00000000000000000000A5 /* CameraPlatformViewFactory.swift in Sources */,
				CA00000000000000000000A6 /* CameraApi.g.swift in Sources */,
				CA00000000000000000000A7 /* FocusRingConfig.swift in Sources */,
				CA00000000000000000000AA /* RecordingPipeline.swift in Sources */,
				CA00000000000000000000AC /* ThumbnailGenerator.swift in Sources */,
				CA00000000000000000000C1 /* ReplayBuffer.swift in Sources */,
				CA00000000000000000000C2 /* ReplayBufferHostApiImpl.swift in Sources */,
				CA00000000000000000000C3 /* ReplayBufferApi.g.swift in Sources */,
				CA00000000000000000000E1 /* VoiceManager.swift in Sources */,
				CA00000000000000000000F5 /* AudioSessionCoordinator.swift in Sources */,
				CA000000000000000000010A /* WakeWordPipeline.swift in Sources */,
				CA00000000000000000000DA /* WakeWordDetector.swift in Sources */,
				CA00000000000000000000D5 /* OnnxModelSession.swift in Sources */,
				CA00000000000000000000E3 /* VoiceHostApiImpl.swift in Sources */,
				CA00000000000000000000E5 /* VoiceApi.g.swift in Sources */,
				CA00000000000000000000E9 /* ObjCExceptionCatcher.m in Sources */,
			);
			runOnlyForDeploymentPostprocessing = 0;
		};
/* End PBXSourcesBuildPhase section */

/* Begin PBXTargetDependency section */
		331C8086294A63A400263BE5 /* PBXTargetDependency */ = {
			isa = PBXTargetDependency;
			target = 97C146ED1CF9000F007C117D /* Runner */;
			targetProxy = 331C8085294A63A400263BE5 /* PBXContainerItemProxy */;
		};
/* End PBXTargetDependency section */

/* Begin PBXVariantGroup section */
		97C146FA1CF9000F007C117D /* Main.storyboard */ = {
			isa = PBXVariantGroup;
			children = (
				97C146FB1CF9000F007C117D /* Base */,
			);
			name = Main.storyboard;
			sourceTree = "<group>";
		};
		97C146FF1CF9000F007C117D /* LaunchScreen.storyboard */ = {
			isa = PBXVariantGroup;
			children = (
				97C147001CF9000F007C117D /* Base */,
			);
			name = LaunchScreen.storyboard;
			sourceTree = "<group>";
		};
/* End PBXVariantGroup section */

/* Begin XCBuildConfiguration section */
		249021D3217E4FDB00AE95B9 /* Profile */ = {
			isa = XCBuildConfiguration;
			buildSettings = {
				ALWAYS_SEARCH_USER_PATHS = NO;
				ASSETCATALOG_COMPILER_GENERATE_SWIFT_ASSET_SYMBOL_EXTENSIONS = YES;
				CLANG_ANALYZER_NONNULL = YES;
				CLANG_CXX_LANGUAGE_STANDARD = "gnu++0x";
				CLANG_CXX_LIBRARY = "libc++";
				CLANG_ENABLE_MODULES = YES;
				CLANG_ENABLE_OBJC_ARC = YES;
				CLANG_WARN_BLOCK_CAPTURE_AUTORELEASING = YES;
				CLANG_WARN_BOOL_CONVERSION = YES;
				CLANG_WARN_COMMA = YES;
				CLANG_WARN_CONSTANT_CONVERSION = YES;
				CLANG_WARN_DEPRECATED_OBJC_IMPLEMENTATIONS = YES;
				CLANG_WARN_DIRECT_OBJC_ISA_USAGE = YES_ERROR;
				CLANG_WARN_EMPTY_BODY = YES;
				CLANG_WARN_ENUM_CONVERSION = YES;
				CLANG_WARN_INFINITE_RECURSION = YES;
				CLANG_WARN_INT_CONVERSION = YES;
				CLANG_WARN_NON_LITERAL_NULL_CONVERSION = YES;
				CLANG_WARN_OBJC_IMPLICIT_RETAIN_SELF = YES;
				CLANG_WARN_OBJC_LITERAL_CONVERSION = YES;
				CLANG_WARN_OBJC_ROOT_CLASS = YES_ERROR;
				CLANG_WARN_QUOTED_INCLUDE_IN_FRAMEWORK_HEADER = YES;
				CLANG_WARN_RANGE_LOOP_ANALYSIS = YES;
				CLANG_WARN_STRICT_PROTOTYPES = YES;
				CLANG_WARN_SUSPICIOUS_MOVE = YES;
				CLANG_WARN_UNREACHABLE_CODE = YES;
				CLANG_WARN__DUPLICATE_METHOD_MATCH = YES;
				"CODE_SIGN_IDENTITY[sdk=iphoneos*]" = "iPhone Developer";
				COPY_PHASE_STRIP = NO;
				DEBUG_INFORMATION_FORMAT = "dwarf-with-dsym";
				ENABLE_NS_ASSERTIONS = NO;
				ENABLE_STRICT_OBJC_MSGSEND = YES;
				ENABLE_USER_SCRIPT_SANDBOXING = NO;
				GCC_C_LANGUAGE_STANDARD = gnu99;
				GCC_NO_COMMON_BLOCKS = YES;
				GCC_WARN_64_TO_32_BIT_CONVERSION = YES;
				GCC_WARN_ABOUT_RETURN_TYPE = YES_ERROR;
				GCC_WARN_UNDECLARED_SELECTOR = YES;
				GCC_WARN_UNINITIALIZED_AUTOS = YES_AGGRESSIVE;
				GCC_WARN_UNUSED_FUNCTION = YES;
				GCC_WARN_UNUSED_VARIABLE = YES;
				IPHONEOS_DEPLOYMENT_TARGET = 15.0;
				MTL_ENABLE_DEBUG_INFO = NO;
				SDKROOT = iphoneos;
				STRING_CATALOG_GENERATE_SYMBOLS = YES;
				SUPPORTED_PLATFORMS = iphoneos;
				TARGETED_DEVICE_FAMILY = "1,2";
				VALIDATE_PRODUCT = YES;
			};
			name = Profile;
		};
		249021D4217E4FDB00AE95B9 /* Profile */ = {
			isa = XCBuildConfiguration;
			baseConfigurationReference = 7AFA3C8E1D35360C0083082E /* Release.xcconfig */;
			buildSettings = {
				ASSETCATALOG_COMPILER_APPICON_NAME = AppIcon;
				CLANG_ENABLE_MODULES = YES;
				CURRENT_PROJECT_VERSION = "$(FLUTTER_BUILD_NUMBER)";
				DEVELOPMENT_TEAM = Y8772MU6JG;
				ENABLE_BITCODE = NO;
				INFOPLIST_FILE = Runner/Info.plist;
				LD_RUNPATH_SEARCH_PATHS = (
					"$(inherited)",
					"@executable_path/Frameworks",
				);
				PRODUCT_BUNDLE_IDENTIFIER = com.rarocamera;
				PRODUCT_NAME = "$(TARGET_NAME)";
				SWIFT_OBJC_BRIDGING_HEADER = "Runner/Runner-Bridging-Header.h";
				SWIFT_VERSION = 5.0;
				VERSIONING_SYSTEM = "apple-generic";
			};
			name = Profile;
		};
		331C8088294A63A400263BE5 /* Debug */ = {
			isa = XCBuildConfiguration;
			baseConfigurationReference = B05C1B29D68A9DDF989FF3B5 /* Pods-RunnerTests.debug.xcconfig */;
			buildSettings = {
				BUNDLE_LOADER = "$(TEST_HOST)";
				CODE_SIGN_STYLE = Automatic;
				CURRENT_PROJECT_VERSION = 1;
				DEVELOPMENT_TEAM = Y8772MU6JG;
				GENERATE_INFOPLIST_FILE = YES;
				MARKETING_VERSION = 1.0;
				PRODUCT_BUNDLE_IDENTIFIER = com.rarocamera.raroMobile.RunnerTests;
				PRODUCT_NAME = "$(TARGET_NAME)";
				SWIFT_ACTIVE_COMPILATION_CONDITIONS = DEBUG;
				SWIFT_OPTIMIZATION_LEVEL = "-Onone";
				SWIFT_VERSION = 5.0;
				TEST_HOST = "$(BUILT_PRODUCTS_DIR)/Runner.app/$(BUNDLE_EXECUTABLE_FOLDER_PATH)/Runner";
			};
			name = Debug;
		};
		331C8089294A63A400263BE5 /* Release */ = {
			isa = XCBuildConfiguration;
			baseConfigurationReference = 2F3979CA85878C4C06D94F6C /* Pods-RunnerTests.release.xcconfig */;
			buildSettings = {
				BUNDLE_LOADER = "$(TEST_HOST)";
				CODE_SIGN_STYLE = Automatic;
				CURRENT_PROJECT_VERSION = 1;
				DEVELOPMENT_TEAM = Y8772MU6JG;
				GENERATE_INFOPLIST_FILE = YES;
				MARKETING_VERSION = 1.0;
				PRODUCT_BUNDLE_IDENTIFIER = com.rarocamera.raroMobile.RunnerTests;
				PRODUCT_NAME = "$(TARGET_NAME)";
				SWIFT_VERSION = 5.0;
				TEST_HOST = "$(BUILT_PRODUCTS_DIR)/Runner.app/$(BUNDLE_EXECUTABLE_FOLDER_PATH)/Runner";
			};
			name = Release;
		};
		331C808A294A63A400263BE5 /* Profile */ = {
			isa = XCBuildConfiguration;
			baseConfigurationReference = E0E272C120536D714518903C /* Pods-RunnerTests.profile.xcconfig */;
			buildSettings = {
				BUNDLE_LOADER = "$(TEST_HOST)";
				CODE_SIGN_STYLE = Automatic;
				CURRENT_PROJECT_VERSION = 1;
				DEVELOPMENT_TEAM = Y8772MU6JG;
				GENERATE_INFOPLIST_FILE = YES;
				MARKETING_VERSION = 1.0;
				PRODUCT_BUNDLE_IDENTIFIER = com.rarocamera.raroMobile.RunnerTests;
				PRODUCT_NAME = "$(TARGET_NAME)";
				SWIFT_VERSION = 5.0;
				TEST_HOST = "$(BUILT_PRODUCTS_DIR)/Runner.app/$(BUNDLE_EXECUTABLE_FOLDER_PATH)/Runner";
			};
			name = Profile;
		};
		97C147031CF9000F007C117D /* Debug */ = {
			isa = XCBuildConfiguration;
			buildSettings = {
				ALWAYS_SEARCH_USER_PATHS = NO;
				ASSETCATALOG_COMPILER_GENERATE_SWIFT_ASSET_SYMBOL_EXTENSIONS = YES;
				CLANG_ANALYZER_NONNULL = YES;
				CLANG_CXX_LANGUAGE_STANDARD = "gnu++0x";
				CLANG_CXX_LIBRARY = "libc++";
				CLANG_ENABLE_MODULES = YES;
				CLANG_ENABLE_OBJC_ARC = YES;
				CLANG_WARN_BLOCK_CAPTURE_AUTORELEASING = YES;
				CLANG_WARN_BOOL_CONVERSION = YES;
				CLANG_WARN_COMMA = YES;
				CLANG_WARN_CONSTANT_CONVERSION = YES;
				CLANG_WARN_DEPRECATED_OBJC_IMPLEMENTATIONS = YES;
				CLANG_WARN_DIRECT_OBJC_ISA_USAGE = YES_ERROR;
				CLANG_WARN_EMPTY_BODY = YES;
				CLANG_WARN_ENUM_CONVERSION = YES;
				CLANG_WARN_INFINITE_RECURSION = YES;
				CLANG_WARN_INT_CONVERSION = YES;
				CLANG_WARN_NON_LITERAL_NULL_CONVERSION = YES;
				CLANG_WARN_OBJC_IMPLICIT_RETAIN_SELF = YES;
				CLANG_WARN_OBJC_LITERAL_CONVERSION = YES;
				CLANG_WARN_OBJC_ROOT_CLASS = YES_ERROR;
				CLANG_WARN_QUOTED_INCLUDE_IN_FRAMEWORK_HEADER = YES;
				CLANG_WARN_RANGE_LOOP_ANALYSIS = YES;
				CLANG_WARN_STRICT_PROTOTYPES = YES;
				CLANG_WARN_SUSPICIOUS_MOVE = YES;
				CLANG_WARN_UNREACHABLE_CODE = YES;
				CLANG_WARN__DUPLICATE_METHOD_MATCH = YES;
				"CODE_SIGN_IDENTITY[sdk=iphoneos*]" = "iPhone Developer";
				COPY_PHASE_STRIP = NO;
				DEBUG_INFORMATION_FORMAT = dwarf;
				ENABLE_STRICT_OBJC_MSGSEND = YES;
				ENABLE_TESTABILITY = YES;
				ENABLE_USER_SCRIPT_SANDBOXING = NO;
				GCC_C_LANGUAGE_STANDARD = gnu99;
				GCC_DYNAMIC_NO_PIC = NO;
				GCC_NO_COMMON_BLOCKS = YES;
				GCC_OPTIMIZATION_LEVEL = 0;
				GCC_PREPROCESSOR_DEFINITIONS = (
					"DEBUG=1",
					"$(inherited)",
				);
				GCC_WARN_64_TO_32_BIT_CONVERSION = YES;
				GCC_WARN_ABOUT_RETURN_TYPE = YES_ERROR;
				GCC_WARN_UNDECLARED_SELECTOR = YES;
				GCC_WARN_UNINITIALIZED_AUTOS = YES_AGGRESSIVE;
				GCC_WARN_UNUSED_FUNCTION = YES;
				GCC_WARN_UNUSED_VARIABLE = YES;
				IPHONEOS_DEPLOYMENT_TARGET = 15.0;
				MTL_ENABLE_DEBUG_INFO = YES;
				ONLY_ACTIVE_ARCH = YES;
				SDKROOT = iphoneos;
				STRING_CATALOG_GENERATE_SYMBOLS = YES;
				TARGETED_DEVICE_FAMILY = "1,2";
			};
			name = Debug;
		};
		97C147041CF9000F007C117D /* Release */ = {
			isa = XCBuildConfiguration;
			buildSettings = {
				ALWAYS_SEARCH_USER_PATHS = NO;
				ASSETCATALOG_COMPILER_GENERATE_SWIFT_ASSET_SYMBOL_EXTENSIONS = YES;
				CLANG_ANALYZER_NONNULL = YES;
				CLANG_CXX_LANGUAGE_STANDARD = "gnu++0x";
				CLANG_CXX_LIBRARY = "libc++";
				CLANG_ENABLE_MODULES = YES;
				CLANG_ENABLE_OBJC_ARC = YES;
				CLANG_WARN_BLOCK_CAPTURE_AUTORELEASING = YES;
				CLANG_WARN_BOOL_CONVERSION = YES;
				CLANG_WARN_COMMA = YES;
				CLANG_WARN_CONSTANT_CONVERSION = YES;
				CLANG_WARN_DEPRECATED_OBJC_IMPLEMENTATIONS = YES;
				CLANG_WARN_DIRECT_OBJC_ISA_USAGE = YES_ERROR;
				CLANG_WARN_EMPTY_BODY = YES;
				CLANG_WARN_ENUM_CONVERSION = YES;
				CLANG_WARN_INFINITE_RECURSION = YES;
				CLANG_WARN_INT_CONVERSION = YES;
				CLANG_WARN_NON_LITERAL_NULL_CONVERSION = YES;
				CLANG_WARN_OBJC_IMPLICIT_RETAIN_SELF = YES;
				CLANG_WARN_OBJC_LITERAL_CONVERSION = YES;
				CLANG_WARN_OBJC_ROOT_CLASS = YES_ERROR;
				CLANG_WARN_QUOTED_INCLUDE_IN_FRAMEWORK_HEADER = YES;
				CLANG_WARN_RANGE_LOOP_ANALYSIS = YES;
				CLANG_WARN_STRICT_PROTOTYPES = YES;
				CLANG_WARN_SUSPICIOUS_MOVE = YES;
				CLANG_WARN_UNREACHABLE_CODE = YES;
				CLANG_WARN__DUPLICATE_METHOD_MATCH = YES;
				"CODE_SIGN_IDENTITY[sdk=iphoneos*]" = "iPhone Developer";
				COPY_PHASE_STRIP = NO;
				DEBUG_INFORMATION_FORMAT = "dwarf-with-dsym";
				ENABLE_NS_ASSERTIONS = NO;
				ENABLE_STRICT_OBJC_MSGSEND = YES;
				ENABLE_USER_SCRIPT_SANDBOXING = NO;
				GCC_C_LANGUAGE_STANDARD = gnu99;
				GCC_NO_COMMON_BLOCKS = YES;
				GCC_WARN_64_TO_32_BIT_CONVERSION = YES;
				GCC_WARN_ABOUT_RETURN_TYPE = YES_ERROR;
				GCC_WARN_UNDECLARED_SELECTOR = YES;
				GCC_WARN_UNINITIALIZED_AUTOS = YES_AGGRESSIVE;
				GCC_WARN_UNUSED_FUNCTION = YES;
				GCC_WARN_UNUSED_VARIABLE = YES;
				IPHONEOS_DEPLOYMENT_TARGET = 15.0;
				MTL_ENABLE_DEBUG_INFO = NO;
				SDKROOT = iphoneos;
				STRING_CATALOG_GENERATE_SYMBOLS = YES;
				SUPPORTED_PLATFORMS = iphoneos;
				SWIFT_COMPILATION_MODE = wholemodule;
				SWIFT_OPTIMIZATION_LEVEL = "-O";
				TARGETED_DEVICE_FAMILY = "1,2";
				VALIDATE_PRODUCT = YES;
			};
			name = Release;
		};
		97C147061CF9000F007C117D /* Debug */ = {
			isa = XCBuildConfiguration;
			baseConfigurationReference = 9740EEB21CF90195004384FC /* Debug.xcconfig */;
			buildSettings = {
				ASSETCATALOG_COMPILER_APPICON_NAME = AppIcon;
				CLANG_ENABLE_MODULES = YES;
				CURRENT_PROJECT_VERSION = "$(FLUTTER_BUILD_NUMBER)";
				DEVELOPMENT_TEAM = Y8772MU6JG;
				ENABLE_BITCODE = NO;
				INFOPLIST_FILE = Runner/Info.plist;
				LD_RUNPATH_SEARCH_PATHS = (
					"$(inherited)",
					"@executable_path/Frameworks",
				);
				PRODUCT_BUNDLE_IDENTIFIER = com.rarocamera;
				PRODUCT_NAME = "$(TARGET_NAME)";
				SWIFT_OBJC_BRIDGING_HEADER = "Runner/Runner-Bridging-Header.h";
				SWIFT_OPTIMIZATION_LEVEL = "-Onone";
				SWIFT_VERSION = 5.0;
				VERSIONING_SYSTEM = "apple-generic";
			};
			name = Debug;
		};
		97C147071CF9000F007C117D /* Release */ = {
			isa = XCBuildConfiguration;
			baseConfigurationReference = 7AFA3C8E1D35360C0083082E /* Release.xcconfig */;
			buildSettings = {
				ASSETCATALOG_COMPILER_APPICON_NAME = AppIcon;
				CLANG_ENABLE_MODULES = YES;
				CURRENT_PROJECT_VERSION = "$(FLUTTER_BUILD_NUMBER)";
				DEVELOPMENT_TEAM = Y8772MU6JG;
				ENABLE_BITCODE = NO;
				INFOPLIST_FILE = Runner/Info.plist;
				LD_RUNPATH_SEARCH_PATHS = (
					"$(inherited)",
					"@executable_path/Frameworks",
				);
				PRODUCT_BUNDLE_IDENTIFIER = com.rarocamera;
				PRODUCT_NAME = "$(TARGET_NAME)";
				SWIFT_OBJC_BRIDGING_HEADER = "Runner/Runner-Bridging-Header.h";
				SWIFT_VERSION = 5.0;
				VERSIONING_SYSTEM = "apple-generic";
			};
			name = Release;
		};
/* End XCBuildConfiguration section */

/* Begin XCConfigurationList section */
		331C8087294A63A400263BE5 /* Build configuration list for PBXNativeTarget "RunnerTests" */ = {
			isa = XCConfigurationList;
			buildConfigurations = (
				331C8088294A63A400263BE5 /* Debug */,
				331C8089294A63A400263BE5 /* Release */,
				331C808A294A63A400263BE5 /* Profile */,
			);
			defaultConfigurationIsVisible = 0;
			defaultConfigurationName = Release;
		};
		97C146E91CF9000F007C117D /* Build configuration list for PBXProject "Runner" */ = {
			isa = XCConfigurationList;
			buildConfigurations = (
				97C147031CF9000F007C117D /* Debug */,
				97C147041CF9000F007C117D /* Release */,
				249021D3217E4FDB00AE95B9 /* Profile */,
			);
			defaultConfigurationIsVisible = 0;
			defaultConfigurationName = Release;
		};
		97C147051CF9000F007C117D /* Build configuration list for PBXNativeTarget "Runner" */ = {
			isa = XCConfigurationList;
			buildConfigurations = (
				97C147061CF9000F007C117D /* Debug */,
				97C147071CF9000F007C117D /* Release */,
				249021D4217E4FDB00AE95B9 /* Profile */,
			);
			defaultConfigurationIsVisible = 0;
			defaultConfigurationName = Release;
		};
/* End XCConfigurationList section */

/* Begin XCLocalSwiftPackageReference section */
		781AD8BC2B33823900A9FFBB /* XCLocalSwiftPackageReference "FlutterGeneratedPluginSwiftPackage" */ = {
			isa = XCLocalSwiftPackageReference;
			relativePath = Flutter/ephemeral/Packages/FlutterGeneratedPluginSwiftPackage;
		};
/* End XCLocalSwiftPackageReference section */

/* Begin XCRemoteSwiftPackageReference section */
		CA00000000000000000000F0 /* XCRemoteSwiftPackageReference "onnxruntime-swift-package-manager" */ = {
			isa = XCRemoteSwiftPackageReference;
			repositoryURL = "https://github.com/microsoft/onnxruntime-swift-package-manager";
			requirement = {
				kind = upToNextMajorVersion;
				minimumVersion = 1.16.0;
			};
		};
/* End XCRemoteSwiftPackageReference section */

/* Begin XCSwiftPackageProductDependency section */
		78A3181F2AECB46A00862997 /* FlutterGeneratedPluginSwiftPackage */ = {
			isa = XCSwiftPackageProductDependency;
			productName = FlutterGeneratedPluginSwiftPackage;
		};
		CA00000000000000000000F1 /* onnxruntime */ = {
			isa = XCSwiftPackageProductDependency;
			package = CA00000000000000000000F0 /* XCRemoteSwiftPackageReference "onnxruntime-swift-package-manager" */;
			productName = onnxruntime;
		};
/* End XCSwiftPackageProductDependency section */
	};
	rootObject = 97C146E61CF9000F007C117D /* Project object */;
}
